// !$*UTF8*$!
{
	archiveVersion = 1;
	classes = {
	};
	objectVersion = 77;
	objects = {

/* Begin PBXContainerItemProxy section */
		46C6CA1A2CBEDAEA0005C5D8 /* PBXContainerItemProxy */ = {
			isa = PBXContainerItemProxy;
			containerPortal = 46C6C9FF2CBEDAE90005C5D8 /* Project object */;
			proxyType = 1;
			remoteGlobalIDString = 46C6CA062CBEDAE90005C5D8;
			remoteInfo = OpenWorkoutTracker;
		};
		46C6CA242CBEDAEA0005C5D8 /* PBXContainerItemProxy */ = {
			isa = PBXContainerItemProxy;
			containerPortal = 46C6C9FF2CBEDAE90005C5D8 /* Project object */;
			proxyType = 1;
			remoteGlobalIDString = 46C6CA062CBEDAE90005C5D8;
			remoteInfo = OpenWorkoutTracker;
		};
/* End PBXContainerItemProxy section */

/* Begin PBXFileReference section */
		46C6CA072CBEDAE90005C5D8 /* OpenWorkoutTracker.app */ = {isa = PBXFileReference; explicitFileType = wrapper.application; includeInIndex = 0; path = OpenWorkoutTracker.app; sourceTree = BUILT_PRODUCTS_DIR; };
		46C6CA192CBEDAEA0005C5D8 /* OpenWorkoutTrackerTests.xctest */ = {isa = PBXFileReference; explicitFileType = wrapper.cfbundle; includeInIndex = 0; path = OpenWorkoutTrackerTests.xctest; sourceTree = BUILT_PRODUCTS_DIR; };
		46C6CA232CBEDAEA0005C5D8 /* OpenWorkoutTrackerUITests.xctest */ = {isa = PBXFileReference; explicitFileType = wrapper.cfbundle; includeInIndex = 0; path = OpenWorkoutTrackerUITests.xctest; sourceTree = BUILT_PRODUCTS_DIR; };
/* End PBXFileReference section */

/* Begin PBXFileSystemSynchronizedRootGroup section */
		46C6CA092CBEDAE90005C5D8 /* OpenWorkoutTracker */ = {
			isa = PBXFileSystemSynchronizedRootGroup;
			path = OpenWorkoutTracker;
			sourceTree = "<group>";
		};
		46C6CA1C2CBEDAEA0005C5D8 /* OpenWorkoutTrackerTests */ = {
			isa = PBXFileSystemSynchronizedRootGroup;
			path = OpenWorkoutTrackerTests;
			sourceTree = "<group>";
		};
		46C6CA262CBEDAEA0005C5D8 /* OpenWorkoutTrackerUITests */ = {
			isa = PBXFileSystemSynchronizedRootGroup;
			path = OpenWorkoutTrackerUITests;
			sourceTree = "<group>";
		};
/* End PBXFileSystemSynchronizedRootGroup section */

/* Begin PBXFrameworksBuildPhase section */
		46C6CA042CBEDAE90005C5D8 /* Frameworks */ = {
			isa = PBXFrameworksBuildPhase;
			buildActionMask = 2147483647;
			files = (
			);
			runOnlyForDeploymentPostprocessing = 0;
		};
		46C6CA162CBEDAEA0005C5D8 /* Frameworks */ = {
			isa = PBXFrameworksBuildPhase;
			buildActionMask = 2147483647;
			files = (
			);
			runOnlyForDeploymentPostprocessing = 0;
		};
		46C6CA202CBEDAEA0005C5D8 /* Frameworks */ = {
			isa = PBXFrameworksBuildPhase;
			buildActionMask = 2147483647;
			files = (
			);
			runOnlyForDeploymentPostprocessing = 0;
		};
/* End PBXFrameworksBuildPhase section */

/* Begin PBXGroup section */
		46C6C9FE2CBEDAE90005C5D8 = {
			isa = PBXGroup;
			children = (
				46C6CA092CBEDAE90005C5D8 /* OpenWorkoutTracker */,
				46C6CA1C2CBEDAEA0005C5D8 /* OpenWorkoutTrackerTests */,
				46C6CA262CBEDAEA0005C5D8 /* OpenWorkoutTrackerUITests */,
				46C6CA082CBEDAE90005C5D8 /* Products */,
			);
			sourceTree = "<group>";
		};
		46C6CA082CBEDAE90005C5D8 /* Products */ = {
			isa = PBXGroup;
			children = (
				46C6CA072CBEDAE90005C5D8 /* OpenWorkoutTracker.app */,
				46C6CA192CBEDAEA0005C5D8 /* OpenWorkoutTrackerTests.xctest */,
				46C6CA232CBEDAEA0005C5D8 /* OpenWorkoutTrackerUITests.xctest */,
			);
			name = Products;
			sourceTree = "<group>";
		};
/* End PBXGroup section */

/* Begin PBXNativeTarget section */
		46C6CA062CBEDAE90005C5D8 /* OpenWorkoutTracker */ = {
			isa = PBXNativeTarget;
			buildConfigurationList = 46C6CA2D2CBEDAEA0005C5D8 /* Build configuration list for PBXNativeTarget "OpenWorkoutTracker" */;
			buildPhases = (
				46C6CA032CBEDAE90005C5D8 /* Sources */,
				46C6CA042CBEDAE90005C5D8 /* Frameworks */,
				46C6CA052CBEDAE90005C5D8 /* Resources */,
			);
			buildRules = (
			);
			dependencies = (
			);
			fileSystemSynchronizedGroups = (
				46C6CA092CBEDAE90005C5D8 /* OpenWorkoutTracker */,
			);
			name = OpenWorkoutTracker;
			packageProductDependencies = (
			);
			productName = OpenWorkoutTracker;
			productReference = 46C6CA072CBEDAE90005C5D8 /* OpenWorkoutTracker.app */;
			productType = "com.apple.product-type.application";
		};
		46C6CA182CBEDAEA0005C5D8 /* OpenWorkoutTrackerTests */ = {
			isa = PBXNativeTarget;
			buildConfigurationList = 46C6CA302CBEDAEA0005C5D8 /* Build configuration list for PBXNativeTarget "OpenWorkoutTrackerTests" */;
			buildPhases = (
				46C6CA152CBEDAEA0005C5D8 /* Sources */,
				46C6CA162CBEDAEA0005C5D8 /* Frameworks */,
				46C6CA172CBEDAEA0005C5D8 /* Resources */,
			);
			buildRules = (
			);
			dependencies = (
				46C6CA1B2CBEDAEA0005C5D8 /* PBXTargetDependency */,
			);
			fileSystemSynchronizedGroups = (
				46C6CA1C2CBEDAEA0005C5D8 /* OpenWorkoutTrackerTests */,
			);
			name = OpenWorkoutTrackerTests;
			packageProductDependencies = (
			);
			productName = OpenWorkoutTrackerTests;
			productReference = 46C6CA192CBEDAEA0005C5D8 /* OpenWorkoutTrackerTests.xctest */;
			productType = "com.apple.product-type.bundle.unit-test";
		};
		46C6CA222CBEDAEA0005C5D8 /* OpenWorkoutTrackerUITests */ = {
			isa = PBXNativeTarget;
			buildConfigurationList = 46C6CA332CBEDAEA0005C5D8 /* Build configuration list for PBXNativeTarget "OpenWorkoutTrackerUITests" */;
			buildPhases = (
				46C6CA1F2CBEDAEA0005C5D8 /* Sources */,
				46C6CA202CBEDAEA0005C5D8 /* Frameworks */,
				46C6CA212CBEDAEA0005C5D8 /* Resources */,
			);
			buildRules = (
			);
			dependencies = (
				46C6CA252CBEDAEA0005C5D8 /* PBXTargetDependency */,
			);
			fileSystemSynchronizedGroups = (
				46C6CA262CBEDAEA0005C5D8 /* OpenWorkoutTrackerUITests */,
			);
			name = OpenWorkoutTrackerUITests;
			packageProductDependencies = (
			);
			productName = OpenWorkoutTrackerUITests;
			productReference = 46C6CA232CBEDAEA0005C5D8 /* OpenWorkoutTrackerUITests.xctest */;
			productType = "com.apple.product-type.bundle.ui-testing";
		};
/* End PBXNativeTarget section */

/* Begin PBXProject section */
		46C6C9FF2CBEDAE90005C5D8 /* Project object */ = {
			isa = PBXProject;
			attributes = {
				BuildIndependentTargetsInParallel = 1;
				LastSwiftUpdateCheck = 1600;
				LastUpgradeCheck = 1600;
				TargetAttributes = {
					46C6CA062CBEDAE90005C5D8 = {
						CreatedOnToolsVersion = 16.0;
					};
					46C6CA182CBEDAEA0005C5D8 = {
						CreatedOnToolsVersion = 16.0;
						TestTargetID = 46C6CA062CBEDAE90005C5D8;
					};
					46C6CA222CBEDAEA0005C5D8 = {
						CreatedOnToolsVersion = 16.0;
						TestTargetID = 46C6CA062CBEDAE90005C5D8;
					};
				};
			};
			buildConfigurationList = 46C6CA022CBEDAE90005C5D8 /* Build configuration list for PBXProject "OpenWorkoutTracker" */;
			developmentRegion = en;
			hasScannedForEncodings = 0;
			knownRegions = (
				en,
				Base,
			);
			mainGroup = 46C6C9FE2CBEDAE90005C5D8;
			minimizedProjectReferenceProxies = 1;
			preferredProjectObjectVersion = 77;
			productRefGroup = 46C6CA082CBEDAE90005C5D8 /* Products */;
			projectDirPath = "";
			projectRoot = "";
			targets = (
				46C6CA062CBEDAE90005C5D8 /* OpenWorkoutTracker */,
				46C6CA182CBEDAEA0005C5D8 /* OpenWorkoutTrackerTests */,
				46C6CA222CBEDAEA0005C5D8 /* OpenWorkoutTrackerUITests */,
			);
		};
/* End PBXProject section */

/* Begin PBXResourcesBuildPhase section */
		46C6CA052CBEDAE90005C5D8 /* Resources */ = {
			isa = PBXResourcesBuildPhase;
			buildActionMask = 2147483647;
			files = (
			);
			runOnlyForDeploymentPostprocessing = 0;
		};
		46C6CA172CBEDAEA0005C5D8 /* Resources */ = {
			isa = PBXResourcesBuildPhase;
			buildActionMask = 2147483647;
			files = (
			);
			runOnlyForDeploymentPostprocessing = 0;
		};
		46C6CA212CBEDAEA0005C5D8 /* Resources */ = {
			isa = PBXResourcesBuildPhase;
			buildActionMask = 2147483647;
			files = (
			);
			runOnlyForDeploymentPostprocessing = 0;
		};
/* End PBXResourcesBuildPhase section */

/* Begin PBXSourcesBuildPhase section */
		46C6CA032CBEDAE90005C5D8 /* Sources */ = {
			isa = PBXSourcesBuildPhase;
			buildActionMask = 2147483647;
			files = (
			);
			runOnlyForDeploymentPostprocessing = 0;
		};
		46C6CA152CBEDAEA0005C5D8 /* Sources */ = {
			isa = PBXSourcesBuildPhase;
			buildActionMask = 2147483647;
			files = (
			);
			runOnlyForDeploymentPostprocessing = 0;
		};
		46C6CA1F2CBEDAEA0005C5D8 /* Sources */ = {
			isa = PBXSourcesBuildPhase;
			buildActionMask = 2147483647;
			files = (
			);
			runOnlyForDeploymentPostprocessing = 0;
		};
/* End PBXSourcesBuildPhase section */

/* Begin PBXTargetDependency section */
		46C6CA1B2CBEDAEA0005C5D8 /* PBXTargetDependency */ = {
			isa = PBXTargetDependency;
			target = 46C6CA062CBEDAE90005C5D8 /* OpenWorkoutTracker */;
			targetProxy = 46C6CA1A2CBEDAEA0005C5D8 /* PBXContainerItemProxy */;
		};
		46C6CA252CBEDAEA0005C5D8 /* PBXTargetDependency */ = {
			isa = PBXTargetDependency;
			target = 46C6CA062CBEDAE90005C5D8 /* OpenWorkoutTracker */;
			targetProxy = 46C6CA242CBEDAEA0005C5D8 /* PBXContainerItemProxy */;
		};
/* End PBXTargetDependency section */

/* Begin XCBuildConfiguration section */
		46C6CA2B2CBEDAEA0005C5D8 /* Debug */ = {
			isa = XCBuildConfiguration;
			buildSettings = {
				ALWAYS_SEARCH_USER_PATHS = NO;
				ASSETCATALOG_COMPILER_GENERATE_SWIFT_ASSET_SYMBOL_EXTENSIONS = YES;
				CLANG_ANALYZER_NONNULL = YES;
				CLANG_ANALYZER_NUMBER_OBJECT_CONVERSION = YES_AGGRESSIVE;
				CLANG_CXX_LANGUAGE_STANDARD = "gnu++20";
				CLANG_ENABLE_MODULES = YES;
				CLANG_ENABLE_OBJC_ARC = YES;
				CLANG_ENABLE_OBJC_WEAK = YES;
				CLANG_WARN_BLOCK_CAPTURE_AUTORELEASING = YES;
				CLANG_WARN_BOOL_CONVERSION = YES;
				CLANG_WARN_COMMA = YES;
				CLANG_WARN_CONSTANT_CONVERSION = YES;
				CLANG_WARN_DEPRECATED_OBJC_IMPLEMENTATIONS = YES;
				CLANG_WARN_DIRECT_OBJC_ISA_USAGE = YES_ERROR;
				CLANG_WARN_DOCUMENTATION_COMMENTS = YES;
				CLANG_WARN_EMPTY_BODY = YES;
				CLANG_WARN_ENUM_CONVERSION = YES;
				CLANG_WARN_INFINITE_RECURSION = YES;
				CLANG_WARN_INT_CONVERSION = YES;
				CLANG_WARN_NON_LITERAL_NULL_CONVERSION = YES;
				CLANG_WARN_OBJC_IMPLICIT_RETAIN_SELF = YES;
				CLANG_WARN_OBJC_LITERAL_CONVERSION = YES;
				CLANG_WARN_OBJC_ROOT_CLASS = YES_ERROR;
				CLANG_WARN_QUOTED_INCLUDE_IN_FRAMEWORK_HEADER = YES;
				CLANG_WARN_RANGE_LOOP_ANALYSIS = YES;
				CLANG_WARN_STRICT_PROTOTYPES = YES;
				CLANG_WARN_SUSPICIOUS_MOVE = YES;
				CLANG_WARN_UNGUARDED_AVAILABILITY = YES_AGGRESSIVE;
				CLANG_WARN_UNREACHABLE_CODE = YES;
				CLANG_WARN__DUPLICATE_METHOD_MATCH = YES;
				COPY_PHASE_STRIP = NO;
				DEBUG_INFORMATION_FORMAT = dwarf;
				ENABLE_STRICT_OBJC_MSGSEND = YES;
				ENABLE_TESTABILITY = YES;
				ENABLE_USER_SCRIPT_SANDBOXING = YES;
				GCC_C_LANGUAGE_STANDARD = gnu17;
				GCC_DYNAMIC_NO_PIC = NO;
				GCC_NO_COMMON_BLOCKS = YES;
				GCC_OPTIMIZATION_LEVEL = 0;
				GCC_PREPROCESSOR_DEFINITIONS = (
					"DEBUG=1",
					"$(inherited)",
				);
				GCC_WARN_64_TO_32_BIT_CONVERSION = YES;
				GCC_WARN_ABOUT_RETURN_TYPE = YES_ERROR;
				GCC_WARN_UNDECLARED_SELECTOR = YES;
				GCC_WARN_UNINITIALIZED_AUTOS = YES_AGGRESSIVE;
				GCC_WARN_UNUSED_FUNCTION = YES;
				GCC_WARN_UNUSED_VARIABLE = YES;
				IPHONEOS_DEPLOYMENT_TARGET = 18.0;
				LOCALIZATION_PREFERS_STRING_CATALOGS = YES;
				MTL_ENABLE_DEBUG_INFO = INCLUDE_SOURCE;
				MTL_FAST_MATH = YES;
				ONLY_ACTIVE_ARCH = YES;
				SDKROOT = iphoneos;
				SWIFT_ACTIVE_COMPILATION_CONDITIONS = "DEBUG $(inherited)";
				SWIFT_OPTIMIZATION_LEVEL = "-Onone";
			};
			name = Debug;
		};
		46C6CA2C2CBEDAEA0005C5D8 /* Release */ = {
			isa = XCBuildConfiguration;
			buildSettings = {
				ALWAYS_SEARCH_USER_PATHS = NO;
				ASSETCATALOG_COMPILER_GENERATE_SWIFT_ASSET_SYMBOL_EXTENSIONS = YES;
				CLANG_ANALYZER_NONNULL = YES;
				CLANG_ANALYZER_NUMBER_OBJECT_CONVERSION = YES_AGGRESSIVE;
				CLANG_CXX_LANGUAGE_STANDARD = "gnu++20";
				CLANG_ENABLE_MODULES = YES;
				CLANG_ENABLE_OBJC_ARC = YES;
				CLANG_ENABLE_OBJC_WEAK = YES;
				CLANG_WARN_BLOCK_CAPTURE_AUTORELEASING = YES;
				CLANG_WARN_BOOL_CONVERSION = YES;
				CLANG_WARN_COMMA = YES;
				CLANG_WARN_CONSTANT_CONVERSION = YES;
				CLANG_WARN_DEPRECATED_OBJC_IMPLEMENTATIONS = YES;
				CLANG_WARN_DIRECT_OBJC_ISA_USAGE = YES_ERROR;
				CLANG_WARN_DOCUMENTATION_COMMENTS = YES;
				CLANG_WARN_EMPTY_BODY = YES;
				CLANG_WARN_ENUM_CONVERSION = YES;
				CLANG_WARN_INFINITE_RECURSION = YES;
				CLANG_WARN_INT_CONVERSION = YES;
				CLANG_WARN_NON_LITERAL_NULL_CONVERSION = YES;
				CLANG_WARN_OBJC_IMPLICIT_RETAIN_SELF = YES;
				CLANG_WARN_OBJC_LITERAL_CONVERSION = YES;
				CLANG_WARN_OBJC_ROOT_CLASS = YES_ERROR;
				CLANG_WARN_QUOTED_INCLUDE_IN_FRAMEWORK_HEADER = YES;
				CLANG_WARN_RANGE_LOOP_ANALYSIS = YES;
				CLANG_WARN_STRICT_PROTOTYPES = YES;
				CLANG_WARN_SUSPICIOUS_MOVE = YES;
				CLANG_WARN_UNGUARDED_AVAILABILITY = YES_AGGRESSIVE;
				CLANG_WARN_UNREACHABLE_CODE = YES;
				CLANG_WARN__DUPLICATE_METHOD_MATCH = YES;
				COPY_PHASE_STRIP = NO;
				DEBUG_INFORMATION_FORMAT = "dwarf-with-dsym";
				ENABLE_NS_ASSERTIONS = NO;
				ENABLE_STRICT_OBJC_MSGSEND = YES;
				ENABLE_USER_SCRIPT_SANDBOXING = YES;
				GCC_C_LANGUAGE_STANDARD = gnu17;
				GCC_NO_COMMON_BLOCKS = YES;
				GCC_WARN_64_TO_32_BIT_CONVERSION = YES;
				GCC_WARN_ABOUT_RETURN_TYPE = YES_ERROR;
				GCC_WARN_UNDECLARED_SELECTOR = YES;
				GCC_WARN_UNINITIALIZED_AUTOS = YES_AGGRESSIVE;
				GCC_WARN_UNUSED_FUNCTION = YES;
				GCC_WARN_UNUSED_VARIABLE = YES;
				IPHONEOS_DEPLOYMENT_TARGET = 18.0;
				LOCALIZATION_PREFERS_STRING_CATALOGS = YES;
				MTL_ENABLE_DEBUG_INFO = NO;
				MTL_FAST_MATH = YES;
				SDKROOT = iphoneos;
				SWIFT_COMPILATION_MODE = wholemodule;
				VALIDATE_PRODUCT = YES;
			};
			name = Release;
		};
		46C6CA2E2CBEDAEA0005C5D8 /* Debug */ = {
			isa = XCBuildConfiguration;
			buildSettings = {
				ASSETCATALOG_COMPILER_APPICON_NAME = AppIcon;
				ASSETCATALOG_COMPILER_GLOBAL_ACCENT_COLOR_NAME = AccentColor;
				CODE_SIGN_STYLE = Automatic;
				CURRENT_PROJECT_VERSION = 1;
				DEVELOPMENT_ASSET_PATHS = "\"OpenWorkoutTracker/Preview Content\"";
				DEVELOPMENT_TEAM = S4W7P9ADYM;
				ENABLE_PREVIEWS = YES;
				GENERATE_INFOPLIST_FILE = YES;
				INFOPLIST_KEY_UIApplicationSceneManifest_Generation = YES;
				INFOPLIST_KEY_UIApplicationSupportsIndirectInputEvents = YES;
				INFOPLIST_KEY_UILaunchScreen_Generation = YES;
				INFOPLIST_KEY_UISupportedInterfaceOrientations_iPad = "UIInterfaceOrientationPortrait UIInterfaceOrientationPortraitUpsideDown UIInterfaceOrientationLandscapeLeft UIInterfaceOrientationLandscapeRight";
				INFOPLIST_KEY_UISupportedInterfaceOrientations_iPhone = "UIInterfaceOrientationPortrait UIInterfaceOrientationLandscapeLeft UIInterfaceOrientationLandscapeRight";
				LD_RUNPATH_SEARCH_PATHS = (
					"$(inherited)",
					"@executable_path/Frameworks",
				);
				MARKETING_VERSION = 1.0;
				PRODUCT_BUNDLE_IDENTIFIER = tln.OpenWorkoutTracker;
				PRODUCT_NAME = "$(TARGET_NAME)";
				SWIFT_EMIT_LOC_STRINGS = YES;
				SWIFT_VERSION = 5.0;
				TARGETED_DEVICE_FAMILY = "1,2";
			};
			name = Debug;
		};
		46C6CA2F2CBEDAEA0005C5D8 /* Release */ = {
			isa = XCBuildConfiguration;
			buildSettings = {
				ASSETCATALOG_COMPILER_APPICON_NAME = AppIcon;
				ASSETCATALOG_COMPILER_GLOBAL_ACCENT_COLOR_NAME = AccentColor;
				CODE_SIGN_STYLE = Automatic;
				CURRENT_PROJECT_VERSION = 1;
				DEVELOPMENT_ASSET_PATHS = "\"OpenWorkoutTracker/Preview Content\"";
				DEVELOPMENT_TEAM = S4W7P9ADYM;
				ENABLE_PREVIEWS = YES;
				GENERATE_INFOPLIST_FILE = YES;
				INFOPLIST_KEY_UIApplicationSceneManifest_Generation = YES;
				INFOPLIST_KEY_UIApplicationSupportsIndirectInputEvents = YES;
				INFOPLIST_KEY_UILaunchScreen_Generation = YES;
				INFOPLIST_KEY_UISupportedInterfaceOrientations_iPad = "UIInterfaceOrientationPortrait UIInterfaceOrientationPortraitUpsideDown UIInterfaceOrientationLandscapeLeft UIInterfaceOrientationLandscapeRight";
				INFOPLIST_KEY_UISupportedInterfaceOrientations_iPhone = "UIInterfaceOrientationPortrait UIInterfaceOrientationLandscapeLeft UIInterfaceOrientationLandscapeRight";
				LD_RUNPATH_SEARCH_PATHS = (
					"$(inherited)",
					"@executable_path/Frameworks",
				);
				MARKETING_VERSION = 1.0;
				PRODUCT_BUNDLE_IDENTIFIER = tln.OpenWorkoutTracker;
				PRODUCT_NAME = "$(TARGET_NAME)";
				SWIFT_EMIT_LOC_STRINGS = YES;
				SWIFT_VERSION = 5.0;
				TARGETED_DEVICE_FAMILY = "1,2";
			};
			name = Release;
		};
		46C6CA312CBEDAEA0005C5D8 /* Debug */ = {
			isa = XCBuildConfiguration;
			buildSettings = {
				BUNDLE_LOADER = "$(TEST_HOST)";
				CODE_SIGN_STYLE = Automatic;
				CURRENT_PROJECT_VERSION = 1;
				DEVELOPMENT_TEAM = S4W7P9ADYM;
				GENERATE_INFOPLIST_FILE = YES;
				IPHONEOS_DEPLOYMENT_TARGET = 18.0;
				MARKETING_VERSION = 1.0;
				PRODUCT_BUNDLE_IDENTIFIER = tln.OpenWorkoutTrackerTests;
				PRODUCT_NAME = "$(TARGET_NAME)";
				SWIFT_EMIT_LOC_STRINGS = NO;
				SWIFT_VERSION = 5.0;
				TARGETED_DEVICE_FAMILY = "1,2";
				TEST_HOST = "$(BUILT_PRODUCTS_DIR)/OpenWorkoutTracker.app/$(BUNDLE_EXECUTABLE_FOLDER_PATH)/OpenWorkoutTracker";
			};
			name = Debug;
		};
		46C6CA322CBEDAEA0005C5D8 /* Release */ = {
			isa = XCBuildConfiguration;
			buildSettings = {
				BUNDLE_LOADER = "$(TEST_HOST)";
				CODE_SIGN_STYLE = Automatic;
				CURRENT_PROJECT_VERSION = 1;
				DEVELOPMENT_TEAM = S4W7P9ADYM;
				GENERATE_INFOPLIST_FILE = YES;
				IPHONEOS_DEPLOYMENT_TARGET = 18.0;
				MARKETING_VERSION = 1.0;
				PRODUCT_BUNDLE_IDENTIFIER = tln.OpenWorkoutTrackerTests;
				PRODUCT_NAME = "$(TARGET_NAME)";
				SWIFT_EMIT_LOC_STRINGS = NO;
				SWIFT_VERSION = 5.0;
				TARGETED_DEVICE_FAMILY = "1,2";
				TEST_HOST = "$(BUILT_PRODUCTS_DIR)/OpenWorkoutTracker.app/$(BUNDLE_EXECUTABLE_FOLDER_PATH)/OpenWorkoutTracker";
			};
			name = Release;
		};
		46C6CA342CBEDAEA0005C5D8 /* Debug */ = {
			isa = XCBuildConfiguration;
			buildSettings = {
				CODE_SIGN_STYLE = Automatic;
				CURRENT_PROJECT_VERSION = 1;
				DEVELOPMENT_TEAM = S4W7P9ADYM;
				GENERATE_INFOPLIST_FILE = YES;
				MARKETING_VERSION = 1.0;
				PRODUCT_BUNDLE_IDENTIFIER = tln.OpenWorkoutTrackerUITests;
				PRODUCT_NAME = "$(TARGET_NAME)";
				SWIFT_EMIT_LOC_STRINGS = NO;
				SWIFT_VERSION = 5.0;
				TARGETED_DEVICE_FAMILY = "1,2";
				TEST_TARGET_NAME = OpenWorkoutTracker;
			};
			name = Debug;
		};
		46C6CA352CBEDAEA0005C5D8 /* Release */ = {
			isa = XCBuildConfiguration;
			buildSettings = {
				CODE_SIGN_STYLE = Automatic;
				CURRENT_PROJECT_VERSION = 1;
				DEVELOPMENT_TEAM = S4W7P9ADYM;
				GENERATE_INFOPLIST_FILE = YES;
				MARKETING_VERSION = 1.0;
				PRODUCT_BUNDLE_IDENTIFIER = tln.OpenWorkoutTrackerUITests;
				PRODUCT_NAME = "$(TARGET_NAME)";
				SWIFT_EMIT_LOC_STRINGS = NO;
				SWIFT_VERSION = 5.0;
				TARGETED_DEVICE_FAMILY = "1,2";
				TEST_TARGET_NAME = OpenWorkoutTracker;
			};
			name = Release;
		};
/* End XCBuildConfiguration section */

/* Begin XCConfigurationList section */
		46C6CA022CBEDAE90005C5D8 /* Build configuration list for PBXProject "OpenWorkoutTracker" */ = {
			isa = XCConfigurationList;
			buildConfigurations = (
				46C6CA2B2CBEDAEA0005C5D8 /* Debug */,
				46C6CA2C2CBEDAEA0005C5D8 /* Release */,
			);
			defaultConfigurationIsVisible = 0;
			defaultConfigurationName = Release;
		};
		46C6CA2D2CBEDAEA0005C5D8 /* Build configuration list for PBXNativeTarget "OpenWorkoutTracker" */ = {
			isa = XCConfigurationList;
			buildConfigurations = (
				46C6CA2E2CBEDAEA0005C5D8 /* Debug */,
				46C6CA2F2CBEDAEA0005C5D8 /* Release */,
			);
			defaultConfigurationIsVisible = 0;
			defaultConfigurationName = Release;
		};
		46C6CA302CBEDAEA0005C5D8 /* Build configuration list for PBXNativeTarget "OpenWorkoutTrackerTests" */ = {
			isa = XCConfigurationList;
			buildConfigurations = (
				46C6CA312CBEDAEA0005C5D8 /* Debug */,
				46C6CA322CBEDAEA0005C5D8 /* Release */,
			);
			defaultConfigurationIsVisible = 0;
			defaultConfigurationName = Release;
		};
		46C6CA332CBEDAEA0005C5D8 /* Build configuration list for PBXNativeTarget "OpenWorkoutTrackerUITests" */ = {
			isa = XCConfigurationList;
			buildConfigurations = (
				46C6CA342CBEDAEA0005C5D8 /* Debug */,
				46C6CA352CBEDAEA0005C5D8 /* Release */,
			);
			defaultConfigurationIsVisible = 0;
			defaultConfigurationName = Release;
		};
/* End XCConfigurationList section */
	};
	rootObject = 46C6C9FF2CBEDAE90005C5D8 /* Project object */;
}
